
Microsoft Visual Studio Solution File, Format Version 12.00
# Visual Studio Version 16
VisualStudioVersion = 16.0.29613.14
MinimumVisualStudioVersion = 10.0.40219.1
Project("{9A19103F-16F7-4668-BE54-9A1E7A4F7556}") = "ShopLife.Identity.Api", "ShopLife.Identity\ShopLife.Identity.Api.csproj", "{11B00A2B-C39F-4E0A-B7B4-FCD2B7BE137C}"
EndProject
Project("{FAE04EC0-301F-11D3-BF4B-00C04F79EFBC}") = "ShopLife.Identity.Domain", "ShopLife.Identity.Domain\ShopLife.Identity.Domain.csproj", "{C5F6BE48-8203-4D0E-B01E-B875E803894F}"
EndProject
Project("{FAE04EC0-301F-11D3-BF4B-00C04F79EFBC}") = "ShopLife.Identity.Contracts", "ShopLife.Identity.Contracts\ShopLife.Identity.Contracts.csproj", "{0E9E0C77-E8F8-4CF7-BD32-78AA5685A0FE}"
EndProject
Project("{FAE04EC0-301F-11D3-BF4B-00C04F79EFBC}") = "ShopLife.Identity.Module", "ShopLife.Identity.Module\ShopLife.Identity.Module.csproj", "{AD7A8604-C4C8-41E6-9041-F42D0D5DBAD2}"
EndProject
Project("{FAE04EC0-301F-11D3-BF4B-00C04F79EFBC}") = "ShopLife.Identity.Services", "ShopLife.Identity.Services\ShopLife.Identity.Services.csproj", "{3C4A80EB-68C8-403C-99C2-80088088AB57}"
EndProject
Project("{FAE04EC0-301F-11D3-BF4B-00C04F79EFBC}") = "ShopLife.Identity.Test", "ShopLife.Identity.Test\ShopLife.Identity.Test.csproj", "{33AAA476-287B-4C72-A38A-3C64F6970BFE}"
EndProject
Global
	GlobalSection(SolutionConfigurationPlatforms) = preSolution
		Debug|Any CPU = Debug|Any CPU
		Release|Any CPU = Release|Any CPU
	EndGlobalSection
	GlobalSection(ProjectConfigurationPlatforms) = postSolution
		{11B00A2B-C39F-4E0A-B7B4-FCD2B7BE137C}.Debug|Any CPU.ActiveCfg = Debug|Any CPU
		{11B00A2B-C39F-4E0A-B7B4-FCD2B7BE137C}.Debug|Any CPU.Build.0 = Debug|Any CPU
		{11B00A2B-C39F-4E0A-B7B4-FCD2B7BE137C}.Release|Any CPU.ActiveCfg = Release|Any CPU
		{11B00A2B-C39F-4E0A-B7B4-FCD2B7BE137C}.Release|Any CPU.Build.0 = Release|Any CPU
		{C5F6BE48-8203-4D0E-B01E-B875E803894F}.Debug|Any CPU.ActiveCfg = Debug|Any CPU
		{C5F6BE48-8203-4D0E-B01E-B875E803894F}.Debug|Any CPU.Build.0 = Debug|Any CPU
		{C5F6BE48-8203-4D0E-B01E-B875E803894F}.Release|Any CPU.ActiveCfg = Release|Any CPU
		{C5F6BE48-8203-4D0E-B01E-B875E803894F}.Release|Any CPU.Build.0 = Release|Any CPU
		{0E9E0C77-E8F8-4CF7-BD32-78AA5685A0FE}.Debug|Any CPU.ActiveCfg = Debug|Any CPU
		{0E9E0C77-E8F8-4CF7-BD32-78AA5685A0FE}.Debug|Any CPU.Build.0 = Debug|Any CPU
		{0E9E0C77-E8F8-4CF7-BD32-78AA5685A0FE}.Release|Any CPU.ActiveCfg = Release|Any CPU
		{0E9E0C77-E8F8-4CF7-BD32-78AA5685A0FE}.Release|Any CPU.Build.0 = Release|Any CPU
		{AD7A8604-C4C8-41E6-9041-F42D0D5DBAD2}.Debug|Any CPU.ActiveCfg = Debug|Any CPU
		{AD7A8604-C4C8-41E6-9041-F42D0D5DBAD2}.Debug|Any CPU.Build.0 = Debug|Any CPU
		{AD7A8604-C4C8-41E6-9041-F42D0D5DBAD2}.Release|Any CPU.ActiveCfg = Release|Any CPU
		{AD7A8604-C4C8-41E6-9041-F42D0D5DBAD2}.Release|Any CPU.Build.0 = Release|Any CPU
		{3C4A80EB-68C8-403C-99C2-80088088AB57}.Debug|Any CPU.ActiveCfg = Debug|Any CPU
		{3C4A80EB-68C8-403C-99C2-80088088AB57}.Debug|Any CPU.Build.0 = Debug|Any CPU
		{3C4A80EB-68C8-403C-99C2-80088088AB57}.Release|Any CPU.ActiveCfg = Release|Any CPU
		{3C4A80EB-68C8-403C-99C2-80088088AB57}.Release|Any CPU.Build.0 = Release|Any CPU
		{33AAA476-287B-4C72-A38A-3C64F6970BFE}.Debug|Any CPU.ActiveCfg = Debug|Any CPU
		{33AAA476-287B-4C72-A38A-3C64F6970BFE}.Debug|Any CPU.Build.0 = Debug|Any CPU
		{33AAA476-287B-4C72-A38A-3C64F6970BFE}.Release|Any CPU.ActiveCfg = Release|Any CPU
		{33AAA476-287B-4C72-A38A-3C64F6970BFE}.Release|Any CPU.Build.0 = Release|Any CPU
	EndGlobalSection
	GlobalSection(SolutionProperties) = preSolution
		HideSolutionNode = FALSE
	EndGlobalSection
	GlobalSection(ExtensibilityGlobals) = postSolution
		SolutionGuid = {40F8F7D8-9458-4AE7-A1AD-A44CC3F8D285}
	EndGlobalSection
EndGlobal
